
Microsoft Visual Studio Solution File, Format Version 12.00
# Visual Studio Version 18
VisualStudioVersion = 18.1.11312.151
MinimumVisualStudioVersion = 10.0.40219.1
Project("{9A19103F-16F7-4668-BE54-9A1E7A4F7556}") = "CQRS.Persistence", "src\CQRS.Persistence\CQRS.Persistence.csproj", "{837B2495-34FF-4D67-836F-289F4DE70CBE}"
EndProject
Project("{9A19103F-16F7-4668-BE54-9A1E7A4F7556}") = "CQRS.Domain", "src\CQRS.Domain\CQRS.Domain.csproj", "{240D37E9-2ED5-4971-9BD2-EEDB793FA4F0}"
EndProject
Project("{9A19103F-16F7-4668-BE54-9A1E7A4F7556}") = "CQRS.Application", "src\CQRS.Application\CQRS.Application.csproj", "{E58A3F4D-BA6E-4046-BB0F-79EA2759E290}"
EndProject
Project("{9A19103F-16F7-4668-BE54-9A1E7A4F7556}") = "CQRS.Api", "src\CQRS.Api\CQRS.Api.csproj", "{ED2614FA-26A9-4F54-8990-FC2B5A2B9DEC}"
EndProject
Project("{9A19103F-16F7-4668-BE54-9A1E7A4F7556}") = "CQRS.Application.XUnitTests", "tests\CQRS.Application.XUnitTests\CQRS.Application.XUnitTests.csproj", "{FDEA6BD4-DF89-4EC3-A4BA-50CA3E703A0F}"
EndProject
Project("{2150E333-8FDC-42A3-9474-1A3956D46DE8}") = "src", "src", "{085AE404-9684-4BBF-B42E-FCB4B3CC23C3}"
EndProject
Project("{2150E333-8FDC-42A3-9474-1A3956D46DE8}") = "tests", "tests", "{0AE8BA6E-E3E1-4DDB-A88B-AB1A2B17E297}"
EndProject
Project("{FAE04EC0-301F-11D3-BF4B-00C04F79EFBC}") = "CQRS.External", "src\CQRS.External\CQRS.External.csproj", "{34BBC3ED-C137-45EC-AE6D-F882A0A73A90}"
EndProject
Project("{FAE04EC0-301F-11D3-BF4B-00C04F79EFBC}") = "CQRS.Common", "src\CQRS.Common\CQRS.Common.csproj", "{0B686168-59D9-4C81-B489-1AB4DBBEDD4A}"
EndProject
Project("{2150E333-8FDC-42A3-9474-1A3956D46DE8}") = "02.Core", "02.Core", "{FF4588EB-06F4-45A3-A544-61669A5A1CF6}"
EndProject
Project("{2150E333-8FDC-42A3-9474-1A3956D46DE8}") = "01.Api", "01.Api", "{8CAD7107-59D5-419D-BE04-06CE46DCA6E7}"
EndProject
Project("{2150E333-8FDC-42A3-9474-1A3956D46DE8}") = "03.Infraestructure", "03.Infraestructure", "{38CDC7C8-DB6E-4D2C-BAA1-C1B1B752B1EB}"
EndProject
Project("{2150E333-8FDC-42A3-9474-1A3956D46DE8}") = "04.Common", "04.Common", "{106EA394-B73B-4D64-9904-4CF416B5E362}"
EndProject
Project("{2150E333-8FDC-42A3-9474-1A3956D46DE8}") = "Solution Items", "Solution Items", "{EBF82CA1-750F-4C60-B93B-209BBA3A4871}"
	ProjectSection(SolutionItems) = preProject
		Directory.Packages__.props = Directory.Packages__.props
		.github\workflows\infrastructureDeploy.yml = .github\workflows\infrastructureDeploy.yml
		.github\workflows\main.yml = .github\workflows\main.yml
	EndProjectSection
EndProject
Global
	GlobalSection(SolutionConfigurationPlatforms) = preSolution
		Debug|Any CPU = Debug|Any CPU
		Release|Any CPU = Release|Any CPU
	EndGlobalSection
	GlobalSection(ProjectConfigurationPlatforms) = postSolution
		{837B2495-34FF-4D67-836F-289F4DE70CBE}.Debug|Any CPU.ActiveCfg = Debug|Any CPU
		{837B2495-34FF-4D67-836F-289F4DE70CBE}.Debug|Any CPU.Build.0 = Debug|Any CPU
		{837B2495-34FF-4D67-836F-289F4DE70CBE}.Release|Any CPU.ActiveCfg = Release|Any CPU
		{837B2495-34FF-4D67-836F-289F4DE70CBE}.Release|Any CPU.Build.0 = Release|Any CPU
		{240D37E9-2ED5-4971-9BD2-EEDB793FA4F0}.Debug|Any CPU.ActiveCfg = Debug|Any CPU
		{240D37E9-2ED5-4971-9BD2-EEDB793FA4F0}.Debug|Any CPU.Build.0 = Debug|Any CPU
		{240D37E9-2ED5-4971-9BD2-EEDB793FA4F0}.Release|Any CPU.ActiveCfg = Release|Any CPU
		{240D37E9-2ED5-4971-9BD2-EEDB793FA4F0}.Release|Any CPU.Build.0 = Release|Any CPU
		{E58A3F4D-BA6E-4046-BB0F-79EA2759E290}.Debug|Any CPU.ActiveCfg = Debug|Any CPU
		{E58A3F4D-BA6E-4046-BB0F-79EA2759E290}.Debug|Any CPU.Build.0 = Debug|Any CPU
		{E58A3F4D-BA6E-4046-BB0F-79EA2759E290}.Release|Any CPU.ActiveCfg = Release|Any CPU
		{E58A3F4D-BA6E-4046-BB0F-79EA2759E290}.Release|Any CPU.Build.0 = Release|Any CPU
		{ED2614FA-26A9-4F54-8990-FC2B5A2B9DEC}.Debug|Any CPU.ActiveCfg = Debug|Any CPU
		{ED2614FA-26A9-4F54-8990-FC2B5A2B9DEC}.Debug|Any CPU.Build.0 = Debug|Any CPU
		{ED2614FA-26A9-4F54-8990-FC2B5A2B9DEC}.Release|Any CPU.ActiveCfg = Release|Any CPU
		{ED2614FA-26A9-4F54-8990-FC2B5A2B9DEC}.Release|Any CPU.Build.0 = Release|Any CPU
		{FDEA6BD4-DF89-4EC3-A4BA-50CA3E703A0F}.Debug|Any CPU.ActiveCfg = Debug|Any CPU
		{FDEA6BD4-DF89-4EC3-A4BA-50CA3E703A0F}.Debug|Any CPU.Build.0 = Debug|Any CPU
		{FDEA6BD4-DF89-4EC3-A4BA-50CA3E703A0F}.Release|Any CPU.ActiveCfg = Release|Any CPU
		{FDEA6BD4-DF89-4EC3-A4BA-50CA3E703A0F}.Release|Any CPU.Build.0 = Release|Any CPU
		{34BBC3ED-C137-45EC-AE6D-F882A0A73A90}.Debug|Any CPU.ActiveCfg = Debug|Any CPU
		{34BBC3ED-C137-45EC-AE6D-F882A0A73A90}.Debug|Any CPU.Build.0 = Debug|Any CPU
		{34BBC3ED-C137-45EC-AE6D-F882A0A73A90}.Release|Any CPU.ActiveCfg = Release|Any CPU
		{34BBC3ED-C137-45EC-AE6D-F882A0A73A90}.Release|Any CPU.Build.0 = Release|Any CPU
		{0B686168-59D9-4C81-B489-1AB4DBBEDD4A}.Debug|Any CPU.ActiveCfg = Debug|Any CPU
		{0B686168-59D9-4C81-B489-1AB4DBBEDD4A}.Debug|Any CPU.Build.0 = Debug|Any CPU
		{0B686168-59D9-4C81-B489-1AB4DBBEDD4A}.Release|Any CPU.ActiveCfg = Release|Any CPU
		{0B686168-59D9-4C81-B489-1AB4DBBEDD4A}.Release|Any CPU.Build.0 = Release|Any CPU
	EndGlobalSection
	GlobalSection(SolutionProperties) = preSolution
		HideSolutionNode = FALSE
	EndGlobalSection
	GlobalSection(NestedProjects) = preSolution
		{837B2495-34FF-4D67-836F-289F4DE70CBE} = {38CDC7C8-DB6E-4D2C-BAA1-C1B1B752B1EB}
		{240D37E9-2ED5-4971-9BD2-EEDB793FA4F0} = {FF4588EB-06F4-45A3-A544-61669A5A1CF6}
		{E58A3F4D-BA6E-4046-BB0F-79EA2759E290} = {FF4588EB-06F4-45A3-A544-61669A5A1CF6}
		{ED2614FA-26A9-4F54-8990-FC2B5A2B9DEC} = {8CAD7107-59D5-419D-BE04-06CE46DCA6E7}
		{FDEA6BD4-DF89-4EC3-A4BA-50CA3E703A0F} = {0AE8BA6E-E3E1-4DDB-A88B-AB1A2B17E297}
		{34BBC3ED-C137-45EC-AE6D-F882A0A73A90} = {38CDC7C8-DB6E-4D2C-BAA1-C1B1B752B1EB}
		{0B686168-59D9-4C81-B489-1AB4DBBEDD4A} = {106EA394-B73B-4D64-9904-4CF416B5E362}
		{FF4588EB-06F4-45A3-A544-61669A5A1CF6} = {085AE404-9684-4BBF-B42E-FCB4B3CC23C3}
		{8CAD7107-59D5-419D-BE04-06CE46DCA6E7} = {085AE404-9684-4BBF-B42E-FCB4B3CC23C3}
		{38CDC7C8-DB6E-4D2C-BAA1-C1B1B752B1EB} = {085AE404-9684-4BBF-B42E-FCB4B3CC23C3}
		{106EA394-B73B-4D64-9904-4CF416B5E362} = {085AE404-9684-4BBF-B42E-FCB4B3CC23C3}
	EndGlobalSection
	GlobalSection(ExtensibilityGlobals) = postSolution
		SolutionGuid = {84FE6BD1-84B9-45D8-8807-82170FE09F7B}
	EndGlobalSection
EndGlobal
